{
  "projects": [
    {
      "projectId": "caTPwKxj5ZrD9LQ7DMdK4Z",
      "version": "2.2.1",
      "dependencies": {},
      "lang": "js",
      "fileLocks": [
        {
          "type": "globalVariant",
          "assetId": "q2e6W8ulGYz",
          "checksum": "c0cddb7dd09c65236628d522d52af1a3"
        },
        {
          "assetId": "caTPwKxj5ZrD9LQ7DMdK4Z",
          "type": "projectCss",
          "checksum": "01ebcf70a051dcbfad8268ecd0dac58a"
        }
      ],
      "codegenVersion": "0.0.1"
    },
    {
      "projectId": "enk3K4vZ6pmH6kVCoZJXGn",
      "version": "3.0.2",
      "dependencies": {},
      "lang": "js",
      "fileLocks": [
        {
          "assetId": "enk3K4vZ6pmH6kVCoZJXGn",
          "type": "projectCss",
          "checksum": "3e4a5a9396306e4c892e1d5dfd5675ac"
        }
      ],
      "codegenVersion": "0.0.1"
    },
    {
      "projectId": "3Qa6q3s1gm91eHXRuPwyBY",
      "version": "latest",
      "dependencies": {
        "enk3K4vZ6pmH6kVCoZJXGn": "3.0.2",
        "caTPwKxj5ZrD9LQ7DMdK4Z": "2.2.1"
      },
      "lang": "js",
      "fileLocks": [
        {
          "type": "globalVariant",
          "assetId": "GlmAO6RxnuGek",
          "checksum": "62cb6f26434d2fe8c723fc07b0d36f69"
        },
        {
          "type": "renderModule",
          "assetId": "AOX_A0VGq9rP",
          "checksum": "dbe7b6badfd972fdca822bdbed0d5d75"
        },
        {
          "type": "cssRules",
          "assetId": "AOX_A0VGq9rP",
          "checksum": "dbe7b6badfd972fdca822bdbed0d5d75"
        },
        {
          "type": "renderModule",
          "assetId": "jWSf9Dy_4GKo",
          "checksum": "9bfa7133f4b336294a23cd02ad95a9a7"
        },
        {
          "type": "cssRules",
          "assetId": "jWSf9Dy_4GKo",
          "checksum": "9bfa7133f4b336294a23cd02ad95a9a7"
        },
        {
          "type": "renderModule",
          "assetId": "uRieLqDvAv",
          "checksum": "cc7cd5d414e0c124b1e0865703c06eed"
        },
        {
          "type": "cssRules",
          "assetId": "uRieLqDvAv",
          "checksum": "cc7cd5d414e0c124b1e0865703c06eed"
        },
        {
          "type": "renderModule",
          "assetId": "nQ2jjWsYJM",
          "checksum": "f75e1ca1abc37e004ef61512bfb16891"
        },
        {
          "type": "cssRules",
          "assetId": "nQ2jjWsYJM",
          "checksum": "f75e1ca1abc37e004ef61512bfb16891"
        },
        {
          "type": "renderModule",
          "assetId": "I0HSPuVrMed",
          "checksum": "2c9e1b479e231350c271138ec641db08"
        },
        {
          "type": "cssRules",
          "assetId": "I0HSPuVrMed",
          "checksum": "2c9e1b479e231350c271138ec641db08"
        },
        {
          "type": "renderModule",
          "assetId": "EtZ44ti1WD-5",
          "checksum": "74082fc215468fcc922030e5a014a731"
        },
        {
          "type": "cssRules",
          "assetId": "EtZ44ti1WD-5",
          "checksum": "74082fc215468fcc922030e5a014a731"
        },
        {
          "type": "renderModule",
          "assetId": "PliWwcJ97J1M",
          "checksum": "f9f6228355c11489d559a3a328dec7cc"
        },
        {
          "type": "cssRules",
          "assetId": "PliWwcJ97J1M",
          "checksum": "f9f6228355c11489d559a3a328dec7cc"
        },
        {
          "type": "renderModule",
          "assetId": "tnKGBjd589k-",
          "checksum": "abddb586433e471f1113eb973ce96b96"
        },
        {
          "type": "cssRules",
          "assetId": "tnKGBjd589k-",
          "checksum": "abddb586433e471f1113eb973ce96b96"
        },
        {
          "type": "renderModule",
          "assetId": "P-8ESjnvHz5t",
          "checksum": "4caa1e6bc7c822b2c36b44fe99656b0c"
        },
        {
          "type": "cssRules",
          "assetId": "P-8ESjnvHz5t",
          "checksum": "4caa1e6bc7c822b2c36b44fe99656b0c"
        },
        {
          "type": "renderModule",
          "assetId": "tqZJLiyiwkWo",
          "checksum": "2e153d47c06da552569882035c1765c8"
        },
        {
          "type": "cssRules",
          "assetId": "tqZJLiyiwkWo",
          "checksum": "2e153d47c06da552569882035c1765c8"
        },
        {
          "type": "renderModule",
          "assetId": "zuYST6cNAC-v",
          "checksum": "ee6e5351f17895df596d074ba984f00c"
        },
        {
          "type": "cssRules",
          "assetId": "zuYST6cNAC-v",
          "checksum": "ee6e5351f17895df596d074ba984f00c"
        },
        {
          "type": "renderModule",
          "assetId": "7xk7c3gV_779",
          "checksum": "da339783a29cc57850d6c668f5a749a0"
        },
        {
          "type": "cssRules",
          "assetId": "7xk7c3gV_779",
          "checksum": "da339783a29cc57850d6c668f5a749a0"
        },
        {
          "type": "renderModule",
          "assetId": "Uhewj32kEM7g",
          "checksum": "618e03a871de4cc830aff0619bf44716"
        },
        {
          "type": "cssRules",
          "assetId": "Uhewj32kEM7g",
          "checksum": "618e03a871de4cc830aff0619bf44716"
        },
        {
          "type": "renderModule",
          "assetId": "x0X9si_r-UTb",
          "checksum": "06c3cbcf0b03dd38274a42c4aac13a32"
        },
        {
          "type": "cssRules",
          "assetId": "x0X9si_r-UTb",
          "checksum": "06c3cbcf0b03dd38274a42c4aac13a32"
        },
        {
          "type": "renderModule",
          "assetId": "_3421pPjve",
          "checksum": "66d5f0ffcb9557de15d452432810c702"
        },
        {
          "type": "cssRules",
          "assetId": "_3421pPjve",
          "checksum": "66d5f0ffcb9557de15d452432810c702"
        },
        {
          "type": "renderModule",
          "assetId": "c0t49AwPo7",
          "checksum": "d8f3b19307d933d6f80b5d5f7b87921c"
        },
        {
          "type": "cssRules",
          "assetId": "c0t49AwPo7",
          "checksum": "d8f3b19307d933d6f80b5d5f7b87921c"
        },
        {
          "type": "renderModule",
          "assetId": "5S4FajIL-oi",
          "checksum": "2a32852edf644e819f9b383bb5aab8ae"
        },
        {
          "type": "cssRules",
          "assetId": "5S4FajIL-oi",
          "checksum": "2a32852edf644e819f9b383bb5aab8ae"
        },
        {
          "type": "renderModule",
          "assetId": "6aSq1B1u45",
          "checksum": "e65e23b212fa28116bbc60edbc298774"
        },
        {
          "type": "cssRules",
          "assetId": "6aSq1B1u45",
          "checksum": "e65e23b212fa28116bbc60edbc298774"
        },
        {
          "type": "renderModule",
          "assetId": "ppvtbwqa_1",
          "checksum": "8fdce01d358f51d0122063489ab15ee8"
        },
        {
          "type": "cssRules",
          "assetId": "ppvtbwqa_1",
          "checksum": "8fdce01d358f51d0122063489ab15ee8"
        },
        {
          "type": "renderModule",
          "assetId": "CEkNcJN1io",
          "checksum": "0e30d5738b5b8d3210db8a11c8476741"
        },
        {
          "type": "cssRules",
          "assetId": "CEkNcJN1io",
          "checksum": "0e30d5738b5b8d3210db8a11c8476741"
        },
        {
          "type": "renderModule",
          "assetId": "fjl1qf3oM_K",
          "checksum": "86ff91a7d741076c3db50fef2f17b714"
        },
        {
          "type": "cssRules",
          "assetId": "fjl1qf3oM_K",
          "checksum": "86ff91a7d741076c3db50fef2f17b714"
        },
        {
          "type": "renderModule",
          "assetId": "6OgPDSshso",
          "checksum": "a089e4394e39976fea8f74c296c198a1"
        },
        {
          "type": "cssRules",
          "assetId": "6OgPDSshso",
          "checksum": "a089e4394e39976fea8f74c296c198a1"
        },
        {
          "type": "icon",
          "assetId": "vga0cOM2JJz8u",
          "checksum": "06a756bc68e89c099250811c3fc24f46"
        },
        {
          "type": "icon",
          "assetId": "m_gsE3mSLFD_f",
          "checksum": "f2b8b9522174ff736bbe8bdbf6e818ac"
        },
        {
          "type": "icon",
          "assetId": "cZ4A75xhOp2J",
          "checksum": "7bacd4a525a7d51a07bc259e1dced52b"
        },
        {
          "type": "icon",
          "assetId": "aLWinbrsfkwl",
          "checksum": "833875e17b2cd15f9f8a1ce6379cac2b"
        },
        {
          "type": "icon",
          "assetId": "bSICkwAA2jp_",
          "checksum": "9afe4c6c04a15e8466dd50fd15388234"
        },
        {
          "type": "icon",
          "assetId": "ai-qmtX9bxdJ",
          "checksum": "1d2cddfd0c79c2ccd35f3066c2cfdeaa"
        },
        {
          "type": "icon",
          "assetId": "Iof6785ya4wv",
          "checksum": "8c9ae21ffc4653bec0f6eb612f6edfd3"
        },
        {
          "type": "icon",
          "assetId": "Ie7czDGhhct1",
          "checksum": "0dbede0dbafa7db5c8cdd3594b810840"
        },
        {
          "type": "icon",
          "assetId": "BwO8uAxqiXao",
          "checksum": "2c43b831bf5610a10148de3f24600efa"
        },
        {
          "type": "icon",
          "assetId": "Zfl-XOTD-og9",
          "checksum": "723e8b184139e4a99c4afa66112c29cf"
        },
        {
          "type": "icon",
          "assetId": "Q6X_-WdXuwmb",
          "checksum": "c99e49532e7d84925f7515feb624de26"
        },
        {
          "type": "icon",
          "assetId": "RPw95Ru86uio",
          "checksum": "06411cc756c660843de77534077ca271"
        },
        {
          "type": "icon",
          "assetId": "VQocQ56OQMXY",
          "checksum": "23c91324e51f4444f69e4161c210a78b"
        },
        {
          "type": "icon",
          "assetId": "rLQx_Fb_DoC7",
          "checksum": "0001e34c8050e5bc59165dc00d4bdbc8"
        },
        {
          "type": "icon",
          "assetId": "7Tp_ewkltob",
          "checksum": "9b2746ac9c2b23f5e5d7c8914e10f673"
        },
        {
          "type": "icon",
          "assetId": "UmUCF86B0S_",
          "checksum": "a22917fc7efa7d5fa7f5f16da918d567"
        },
        {
          "type": "icon",
          "assetId": "mnCLZA2CRHQ",
          "checksum": "ebb242a2c02664cdbd8033c8cf22a5f4"
        },
        {
          "type": "icon",
          "assetId": "BWHY9zXLO5",
          "checksum": "3077de63ed915df0fa37796c356953b5"
        },
        {
          "type": "icon",
          "assetId": "g12zhrCk4t",
          "checksum": "f7ff23fe6230da0ddb177b164588f803"
        },
        {
          "type": "icon",
          "assetId": "iDNHArTXHm",
          "checksum": "dd245cad22d4d71a414958ffd1d536eb"
        },
        {
          "type": "icon",
          "assetId": "N6iq0N4pgM",
          "checksum": "8a8e16dd24caaf36753b6731ba458ce8"
        },
        {
          "type": "icon",
          "assetId": "ulNJ0u9nwZGn",
          "checksum": "d32d4e651f42b56b02097beaae081a08"
        },
        {
          "type": "icon",
          "assetId": "85YUSUBoCD",
          "checksum": "294b91985e36f21cd616ebe4fa956497"
        },
        {
          "type": "icon",
          "assetId": "p4IUrDRD65",
          "checksum": "be33ad48612b0c685b531e83543ab9bd"
        },
        {
          "type": "icon",
          "assetId": "lNMDN9rTgI",
          "checksum": "14e32c0738333544240c064f84df778f"
        },
        {
          "type": "icon",
          "assetId": "FZlsgF0C0-",
          "checksum": "28247edd5dd24458cf43cda6deb28028"
        },
        {
          "type": "icon",
          "assetId": "hDN-H0ESm-",
          "checksum": "b30bce04a8b87060b74dc1abbcf6447e"
        },
        {
          "type": "icon",
          "assetId": "F74gsTp3W4",
          "checksum": "7b1036a0dd06e4e103577345e2ec24c9"
        },
        {
          "type": "icon",
          "assetId": "k5aL1_VQsZ",
          "checksum": "cfe06215fd7174ddedd96feaafc47b33"
        },
        {
          "type": "icon",
          "assetId": "TP5V41gxaG",
          "checksum": "b3548acbc500406f89007e7400172836"
        },
        {
          "type": "icon",
          "assetId": "JdBWFQtGDc",
          "checksum": "68624fa76b7e9c326805a68f665d96e0"
        },
        {
          "type": "image",
          "assetId": "eXK_23Omrxssx",
          "checksum": "daf05ea26b6067d2944f40509f8f5112"
        },
        {
          "type": "image",
          "assetId": "ZZRx9GxIvyn1",
          "checksum": "2a2d50967a4c92e6ba75610ac540e1d2"
        },
        {
          "type": "image",
          "assetId": "aRjba39Tu5x0",
          "checksum": "ced0042cc288d6ac7589ad7cd3d48500"
        },
        {
          "type": "image",
          "assetId": "BUcsRufp0NYn",
          "checksum": "fb309a3fda8e4d347b9b5bb07cdd6ace"
        },
        {
          "type": "image",
          "assetId": "chiE1LQmuCm2",
          "checksum": "126404f506c3d7ce533fe8f536a0bca5"
        },
        {
          "type": "image",
          "assetId": "lfbwxLAKNoRq",
          "checksum": "7e32538a440760f6bbf1dc02d054a13d"
        },
        {
          "type": "image",
          "assetId": "TwlgAsXW_3Uc",
          "checksum": "5dda3a02a4156fcb981a0ec1db1637ae"
        },
        {
          "type": "image",
          "assetId": "vh1i0ym0AOWb",
          "checksum": "29587c52b1f469bdcb4aa20f58669ac3"
        },
        {
          "type": "image",
          "assetId": "csgR6coMTcSA",
          "checksum": "6bc67ee7e45bab6940f48a9049326809"
        },
        {
          "type": "image",
          "assetId": "6pATjfZ8Qbn0",
          "checksum": "16f4381d4db16842611d954ec849cd4e"
        },
        {
          "type": "image",
          "assetId": "6QXQ0CFvCcer",
          "checksum": "e25a8132061793e629867537569a21c1"
        },
        {
          "type": "image",
          "assetId": "1hkfJiDTtxCb",
          "checksum": "1a3f19de572fdada2be7f52719641170"
        },
        {
          "type": "image",
          "assetId": "2aR2XITs3bwQ",
          "checksum": "e688a8d4b529de60816e4552cfc9d567"
        },
        {
          "type": "image",
          "assetId": "yH0GXn_hMnFO",
          "checksum": "aefd60b26f1cfea7ff662ec1ec3fda8d"
        },
        {
          "type": "image",
          "assetId": "B_D5WggWxTnZ",
          "checksum": "db13826aa27c45c63c8b101d66dc1b95"
        },
        {
          "type": "image",
          "assetId": "9ua932aydtbF",
          "checksum": "a1f5adaf3cea9cf1ccd8992b1c6c0081"
        },
        {
          "type": "image",
          "assetId": "P_OLops3p1KZ",
          "checksum": "f198a099d5b01a315dc757e2a5c019bf"
        },
        {
          "type": "image",
          "assetId": "QKep0oarHpTo",
          "checksum": "20fac7c373cec6c29996bad3431f217d"
        },
        {
          "type": "image",
          "assetId": "c5WE1tiS6ZSX",
          "checksum": "6e70ddadf3bf295ac9b3b7b62c392002"
        },
        {
          "type": "image",
          "assetId": "r8659IGc4844",
          "checksum": "858ea05181bce48a2ac6c40b17bcf978"
        },
        {
          "type": "image",
          "assetId": "F6C5WfW62upM",
          "checksum": "49ae7d917632510c42124ab2dbddb817"
        },
        {
          "type": "image",
          "assetId": "c1a3LPNC1",
          "checksum": "eb5167eb34e8c14d0e37ada4ca742d5f"
        },
        {
          "type": "image",
          "assetId": "Z8YB0_5SB",
          "checksum": "87e7ce3cb6bd00a036d6e58e7e7b6d18"
        },
        {
          "type": "image",
          "assetId": "6fn7S8lmY",
          "checksum": "56ec33c4bf3c0101148918e569d84dbc"
        },
        {
          "type": "image",
          "assetId": "4BYOiqy8D",
          "checksum": "9557f69e5ec2379b2750bda73e501788"
        },
        {
          "type": "image",
          "assetId": "BaqwgRlJGuCP",
          "checksum": "a9a963fb7eb4e7a5f48355e0ee9621ea"
        },
        {
          "type": "image",
          "assetId": "6IcBSb6tIhgl",
          "checksum": "804ca97d3de15f020751171019779edb"
        },
        {
          "type": "image",
          "assetId": "r38ECutc-X7E",
          "checksum": "19367909949ee83543acade31cba5224"
        },
        {
          "type": "image",
          "assetId": "glDypZrYrwST",
          "checksum": "e6cba0f0663a0ec8cd173e84c47fff1f"
        },
        {
          "type": "image",
          "assetId": "xRbnz9EGLPMm",
          "checksum": "2d157e02f060a3f56f883a827d9147ad"
        },
        {
          "type": "image",
          "assetId": "ofQ2NDsziFBs",
          "checksum": "5740a15238be750a5c8674af539679df"
        },
        {
          "type": "image",
          "assetId": "fePDtA-0NEW2",
          "checksum": "8369ebbb1c9c6bdcf40af23469aee96b"
        },
        {
          "type": "image",
          "assetId": "TjM-fY7ZTaY_",
          "checksum": "71bc7e39078a235611426f1b9dba3039"
        },
        {
          "type": "image",
          "assetId": "QKwBcjX0PHv7",
          "checksum": "1e0787d541442101eaf158ab45224638"
        },
        {
          "type": "image",
          "assetId": "rg_kYVg0gha",
          "checksum": "e6c319e56174d36980c3bb3cf02a9fd8"
        },
        {
          "type": "image",
          "assetId": "e0zBN06rK",
          "checksum": "4c5927867df6aa158c86551933c072c2"
        },
        {
          "type": "image",
          "assetId": "XMsfSrbOr",
          "checksum": "a4080576c96df9b506c855e9ca9f8963"
        },
        {
          "type": "image",
          "assetId": "KXtGJ2pvl",
          "checksum": "02245773efe5950999cf47cac8c6a656"
        },
        {
          "type": "image",
          "assetId": "GpQVgE0c8",
          "checksum": "d595046c2ac67a47f42797ec0fa481d1"
        },
        {
          "type": "image",
          "assetId": "7_32NYqVo",
          "checksum": "718a462fd871c7a1c8d795bc71dd2a11"
        },
        {
          "type": "image",
          "assetId": "NWHyEJmdw",
          "checksum": "7219b7273abdae31d5ab35ff2b117ce5"
        },
        {
          "type": "image",
          "assetId": "Lns0kiFYp",
          "checksum": "d1b111b37cf18f6da94fb7fd57c2a73b"
        },
        {
          "type": "image",
          "assetId": "zTTxGmHMU",
          "checksum": "dac2865de1f8d0131687f4d7d60448d2"
        },
        {
          "type": "image",
          "assetId": "HTuy9MuVV",
          "checksum": "1067102d25e243ad265b8983b23f488d"
        },
        {
          "type": "image",
          "assetId": "wEbTvZN5x",
          "checksum": "8874ffaf7a116a26ecf9bf04e9ace22e"
        },
        {
          "type": "image",
          "assetId": "KU3jATcGx",
          "checksum": "7bc6098eb75c01d2e787db6ea3f888fa"
        },
        {
          "type": "image",
          "assetId": "7zpRgJYBX",
          "checksum": "b72057f6812bf3e273aad9223b68af76"
        },
        {
          "type": "image",
          "assetId": "KQZNJDlKZ9yd",
          "checksum": "ec48ee45cf7162e5d9301125c21d01dc"
        },
        {
          "type": "image",
          "assetId": "c-vPCPl89PRr",
          "checksum": "151a0e61c2a16425e0f35c5f368ae1d3"
        },
        {
          "type": "image",
          "assetId": "w2fkA9402aBH",
          "checksum": "45ff2137a8538657f727cf7a2141888e"
        },
        {
          "type": "image",
          "assetId": "hOv7nSj25lBc",
          "checksum": "bdea193e73884c3069595f374b5666c2"
        },
        {
          "type": "image",
          "assetId": "rBdEGqVBrHp7",
          "checksum": "e318a44f9f1ee1ed28fe53534625fd9d"
        },
        {
          "type": "image",
          "assetId": "v6b11y5gxCLx",
          "checksum": "2a4b34880c428d7691afc90fe812970a"
        },
        {
          "type": "image",
          "assetId": "2a1CvP2PlTS8",
          "checksum": "ac455af155f803c0b228bfaec5fdd2d7"
        },
        {
          "type": "image",
          "assetId": "aTaioye_VHtO",
          "checksum": "ae6a4d1d01786f94b077e28a7aa09258"
        },
        {
          "type": "image",
          "assetId": "aMEa0B7eGShJ",
          "checksum": "8f966a6d2fcb4100e741b118eb64536e"
        },
        {
          "type": "image",
          "assetId": "_h77ZhDcJ",
          "checksum": "4538c5fc463be5d71b83abba1d9e78a3"
        },
        {
          "type": "image",
          "assetId": "44f0qyNbB",
          "checksum": "d1f8be7d8b5dc7e16d7ef5cac49e01eb"
        },
        {
          "type": "image",
          "assetId": "DTmSF-iUS",
          "checksum": "e72dd2058d228cc0e02cecb9c6120164"
        },
        {
          "type": "image",
          "assetId": "Ay_5m5btf",
          "checksum": "498d1b2b35edc06ddb6c7a9427207635"
        },
        {
          "type": "image",
          "assetId": "sc9Wqaa0b",
          "checksum": "4a8a878bb06bef2ecc1649eeb40f76c8"
        },
        {
          "type": "image",
          "assetId": "Ue_ymMBi7",
          "checksum": "edd428337d60a113ee848deb6adfb4dd"
        },
        {
          "type": "image",
          "assetId": "l_P7EvSA_0",
          "checksum": "4145366da1b73bd360242e0dec7711ff"
        },
        {
          "type": "image",
          "assetId": "hJsEe_S8w",
          "checksum": "286ca29007d4fb29443a5c31326c724c"
        },
        {
          "type": "image",
          "assetId": "TAwyQtO1l",
          "checksum": "7e99bcc6a9c082da31db6635703972a3"
        },
        {
          "type": "image",
          "assetId": "ecCYjjgD6",
          "checksum": "2aca3ac682962f4d4d1037b12b1ec250"
        },
        {
          "type": "image",
          "assetId": "7Avz6Nol9",
          "checksum": "c3bc5a67c65aa677f59219c700b39e5d"
        },
        {
          "type": "image",
          "assetId": "EAKXqVcHh",
          "checksum": "2abdb92f6baa61561c0cb6538949fcd9"
        },
        {
          "type": "image",
          "assetId": "KE7ZlMogt",
          "checksum": "22ade680f03a57d463ea4a1b318e0be0"
        },
        {
          "type": "image",
          "assetId": "T2-ry8KON",
          "checksum": "2c4633579582f7aeaabf6f51d441551f"
        },
        {
          "type": "image",
          "assetId": "5DMOYgPJ8",
          "checksum": "ef0db59f278009e97967ea7cb5e6f305"
        },
        {
          "type": "image",
          "assetId": "pKTGhL2N6",
          "checksum": "dce3e3857c8d45fe5e49657f4a96e555"
        },
        {
          "type": "image",
          "assetId": "YO0LjJGYQ",
          "checksum": "a445db2f45d94d5660276eee6010c7f7"
        },
        {
          "type": "image",
          "assetId": "KHVZAhw1t",
          "checksum": "cc379860411030064d085aa811dd0b55"
        },
        {
          "type": "image",
          "assetId": "hY8XlPbC6",
          "checksum": "8d1507328bc69c15aa3d2dcb43b397f4"
        },
        {
          "type": "image",
          "assetId": "PGWkgS0Rj",
          "checksum": "8da1ed713c65fc4a96477f9d30cefd8a"
        },
        {
          "type": "image",
          "assetId": "oFTstxQKh",
          "checksum": "715d7ba177601bdbc8d4f82db018ff29"
        },
        {
          "type": "image",
          "assetId": "xcfERI1wP",
          "checksum": "94830ddc1c00b2a762f73217086b8524"
        },
        {
          "assetId": "3Qa6q3s1gm91eHXRuPwyBY",
          "type": "projectCss",
          "checksum": "47d450daea7b8acb96b918a4706bab61"
        }
      ],
      "codegenVersion": "0.0.1"
    }
  ],
  "cliVersion": "0.1.176"
}
